
Microsoft Visual Studio Solution File, Format Version 12.00
# Visual Studio Version 16
VisualStudioVersion = 16.0.30611.23
MinimumVisualStudioVersion = 10.0.40219.1
Project("{FAE04EC0-301F-11D3-BF4B-00C04F79EFBC}") = "vs", "vs\vs.csproj", "{042AC6E3-D397-47E4-8C8C-CA757496691C}"
EndProject
Global
	GlobalSection(SolutionConfigurationPlatforms) = preSolution
		Debug|Any CPU = Debug|Any CPU
		Release|Any CPU = Release|Any CPU
	EndGlobalSection
	GlobalSection(ProjectConfigurationPlatforms) = postSolution
		{042AC6E3-D397-47E4-8C8C-CA757496691C}.Debug|Any CPU.ActiveCfg = Debug|Any CPU
		{042AC6E3-D397-47E4-8C8C-CA757496691C}.Debug|Any CPU.Build.0 = Debug|Any CPU
		{042AC6E3-D397-47E4-8C8C-CA757496691C}.Release|Any CPU.ActiveCfg = Release|Any CPU
		{042AC6E3-D397-47E4-8C8C-CA757496691C}.Release|Any CPU.Build.0 = Release|Any CPU
	EndGlobalSection
	GlobalSection(SolutionProperties) = preSolution
		HideSolutionNode = FALSE
	EndGlobalSection
	GlobalSection(ExtensibilityGlobals) = postSolution
		SolutionGuid = {F02F6130-37E1-448F-8A44-5B02658C10D4}
	EndGlobalSection
EndGlobal
